
Microsoft Visual Studio Solution File, Format Version 12.00
# Visual Studio 15
VisualStudioVersion = 15.0.28010.0
MinimumVisualStudioVersion = 10.0.40219.1
Project("{FAE04EC0-301F-11D3-BF4B-00C04F79EFBC}") = "diff-filter", "diff-filter.csproj", "{46336A4D-A37D-4923-A5BB-C789F135D9D1}"
EndProject
Global
	GlobalSection(SolutionConfigurationPlatforms) = preSolution
		Debug|Any CPU = Debug|Any CPU
		Release|Any CPU = Release|Any CPU
	EndGlobalSection
	GlobalSection(ProjectConfigurationPlatforms) = postSolution
		{46336A4D-A37D-4923-A5BB-C789F135D9D1}.Debug|Any CPU.ActiveCfg = Debug|Any CPU
		{46336A4D-A37D-4923-A5BB-C789F135D9D1}.Debug|Any CPU.Build.0 = Debug|Any CPU
		{46336A4D-A37D-4923-A5BB-C789F135D9D1}.Release|Any CPU.ActiveCfg = Release|Any CPU
		{46336A4D-A37D-4923-A5BB-C789F135D9D1}.Release|Any CPU.Build.0 = Release|Any CPU
	EndGlobalSection
	GlobalSection(SolutionProperties) = preSolution
		HideSolutionNode = FALSE
	EndGlobalSection
	GlobalSection(ExtensibilityGlobals) = postSolution
		SolutionGuid = {0C98F2F9-7A80-4835-AA27-75329727E406}
	EndGlobalSection
EndGlobal
